
Microsoft Visual Studio Solution File, Format Version 12.00
# Visual Studio Version 17
VisualStudioVersion = 17.14.36908.2 d17.14
MinimumVisualStudioVersion = 10.0.40219.1
Project("{FAE04EC0-301F-11D3-BF4B-00C04F79EFBC}") = "EFCursoAvancado", "EFCursoAvancado.csproj", "{07336167-B92F-4C4A-9F7E-49C5C3A51B2B}"
EndProject
Global
	GlobalSection(SolutionConfigurationPlatforms) = preSolution
		Debug|Any CPU = Debug|Any CPU
		Release|Any CPU = Release|Any CPU
	EndGlobalSection
	GlobalSection(ProjectConfigurationPlatforms) = postSolution
		{07336167-B92F-4C4A-9F7E-49C5C3A51B2B}.Debug|Any CPU.ActiveCfg = Debug|Any CPU
		{07336167-B92F-4C4A-9F7E-49C5C3A51B2B}.Debug|Any CPU.Build.0 = Debug|Any CPU
		{07336167-B92F-4C4A-9F7E-49C5C3A51B2B}.Release|Any CPU.ActiveCfg = Release|Any CPU
		{07336167-B92F-4C4A-9F7E-49C5C3A51B2B}.Release|Any CPU.Build.0 = Release|Any CPU
	EndGlobalSection
	GlobalSection(SolutionProperties) = preSolution
		HideSolutionNode = FALSE
	EndGlobalSection
	GlobalSection(ExtensibilityGlobals) = postSolution
		SolutionGuid = {80DE4210-9C06-469A-BCCB-664DFDBECB0E}
	EndGlobalSection
EndGlobal
